
Microsoft Visual Studio Solution File, Format Version 12.00
# Visual Studio Version 16
VisualStudioVersion = 16.0.30002.166
MinimumVisualStudioVersion = 10.0.40219.1
Project("{FAE04EC0-301F-11D3-BF4B-00C04F79EFBC}") = "JobRecommenderSys", "JobRecommenderSys\JobRecommenderSys.csproj", "{2626D393-59AD-4AFF-A2EC-A5AD208221B8}"
EndProject
Global
	GlobalSection(SolutionConfigurationPlatforms) = preSolution
		Debug|Any CPU = Debug|Any CPU
		Release|Any CPU = Release|Any CPU
	EndGlobalSection
	GlobalSection(ProjectConfigurationPlatforms) = postSolution
		{2626D393-59AD-4AFF-A2EC-A5AD208221B8}.Debug|Any CPU.ActiveCfg = Debug|Any CPU
		{2626D393-59AD-4AFF-A2EC-A5AD208221B8}.Debug|Any CPU.Build.0 = Debug|Any CPU
		{2626D393-59AD-4AFF-A2EC-A5AD208221B8}.Release|Any CPU.ActiveCfg = Release|Any CPU
		{2626D393-59AD-4AFF-A2EC-A5AD208221B8}.Release|Any CPU.Build.0 = Release|Any CPU
	EndGlobalSection
	GlobalSection(SolutionProperties) = preSolution
		HideSolutionNode = FALSE
	EndGlobalSection
	GlobalSection(ExtensibilityGlobals) = postSolution
		SolutionGuid = {F66CE3DF-2945-4A2B-A33B-8E9E9490E0D9}
	EndGlobalSection
EndGlobal
